
Microsoft Visual Studio Solution File, Format Version 12.00
# Visual Studio 14
VisualStudioVersion = 14.0.25420.1
MinimumVisualStudioVersion = 10.0.40219.1
Project("{8BC9CEB8-8B4A-11D0-8D11-00A0C91BC942}") = "SoftSynth", "SoftSynth\SoftSynth.vcxproj", "{BF246831-1C14-4A29-B583-8E1DBC992477}"
EndProject
Project("{8BC9CEB8-8B4A-11D0-8D11-00A0C91BC942}") = "Core", "core\Core.vcxproj", "{4504335C-7145-485F-AE40-6824DA670A3E}"
EndProject
Global
	GlobalSection(SolutionConfigurationPlatforms) = preSolution
		Debug|Win32 = Debug|Win32
		Debug|x64 = Debug|x64
		Release|Win32 = Release|Win32
		Release|x64 = Release|x64
	EndGlobalSection
	GlobalSection(ProjectConfigurationPlatforms) = postSolution
		{BF246831-1C14-4A29-B583-8E1DBC992477}.Debug|Win32.ActiveCfg = Debug|Win32
		{BF246831-1C14-4A29-B583-8E1DBC992477}.Debug|Win32.Build.0 = Debug|Win32
		{BF246831-1C14-4A29-B583-8E1DBC992477}.Debug|x64.ActiveCfg = Debug|x64
		{BF246831-1C14-4A29-B583-8E1DBC992477}.Debug|x64.Build.0 = Debug|x64
		{BF246831-1C14-4A29-B583-8E1DBC992477}.Release|Win32.ActiveCfg = Release|Win32
		{BF246831-1C14-4A29-B583-8E1DBC992477}.Release|Win32.Build.0 = Release|Win32
		{BF246831-1C14-4A29-B583-8E1DBC992477}.Release|x64.ActiveCfg = Release|x64
		{BF246831-1C14-4A29-B583-8E1DBC992477}.Release|x64.Build.0 = Release|x64
		{4504335C-7145-485F-AE40-6824DA670A3E}.Debug|Win32.ActiveCfg = Debug|Win32
		{4504335C-7145-485F-AE40-6824DA670A3E}.Debug|Win32.Build.0 = Debug|Win32
		{4504335C-7145-485F-AE40-6824DA670A3E}.Debug|x64.ActiveCfg = Debug|x64
		{4504335C-7145-485F-AE40-6824DA670A3E}.Debug|x64.Build.0 = Debug|x64
		{4504335C-7145-485F-AE40-6824DA670A3E}.Release|Win32.ActiveCfg = Release|Win32
		{4504335C-7145-485F-AE40-6824DA670A3E}.Release|Win32.Build.0 = Release|Win32
		{4504335C-7145-485F-AE40-6824DA670A3E}.Release|x64.ActiveCfg = Release|x64
		{4504335C-7145-485F-AE40-6824DA670A3E}.Release|x64.Build.0 = Release|x64
	EndGlobalSection
	GlobalSection(SolutionProperties) = preSolution
		HideSolutionNode = FALSE
	EndGlobalSection
EndGlobal
